
Microsoft Visual Studio Solution File, Format Version 12.00
# Visual Studio Version 17
VisualStudioVersion = 17.11.35327.3
MinimumVisualStudioVersion = 10.0.40219.1
Project("{FAE04EC0-301F-11D3-BF4B-00C04F79EFBC}") = "Task3", "Task3.csproj", "{E289C847-8892-4576-B579-03DDD5C003BD}"
EndProject
Global
	GlobalSection(SolutionConfigurationPlatforms) = preSolution
		Debug|Any CPU = Debug|Any CPU
		Release|Any CPU = Release|Any CPU
	EndGlobalSection
	GlobalSection(ProjectConfigurationPlatforms) = postSolution
		{E289C847-8892-4576-B579-03DDD5C003BD}.Debug|Any CPU.ActiveCfg = Debug|Any CPU
		{E289C847-8892-4576-B579-03DDD5C003BD}.Debug|Any CPU.Build.0 = Debug|Any CPU
		{E289C847-8892-4576-B579-03DDD5C003BD}.Release|Any CPU.ActiveCfg = Release|Any CPU
		{E289C847-8892-4576-B579-03DDD5C003BD}.Release|Any CPU.Build.0 = Release|Any CPU
	EndGlobalSection
	GlobalSection(SolutionProperties) = preSolution
		HideSolutionNode = FALSE
	EndGlobalSection
	GlobalSection(ExtensibilityGlobals) = postSolution
		SolutionGuid = {87B24ED3-CCBC-409C-A936-01CE7C4B5905}
	EndGlobalSection
EndGlobal
